<?xml version="1.0" encoding="utf-8"?>
<Project ToolsVersion="4.0" xmlns="http://schemas.microsoft.com/developer/msbuild/2003">
  <ItemGroup>
    <Filter Include="Source Files">
      <UniqueIdentifier>{4FC737F1-C7A5-4376-A066-2A32D752A2FF}</UniqueIdentifier>
      <Extensions>cpp;c;cc;cxx;c++;cppm;ixx;def;odl;idl;hpj;bat;asm;asmx</Extensions>
    </Filter>
    <Filter Include="Header Files">
      <UniqueIdentifier>{93995380-89BD-4b04-88EB-625FBE52EBFB}</UniqueIdentifier>
      <Extensions>h;hh;hpp;hxx;h++;hm;inl;inc;ipp;xsd</Extensions>
    </Filter>
    <Filter Include="Resource Files">
      <UniqueIdentifier>{67DA6AB6-F800-4c08-8B7A-83BB121AAD01}</UniqueIdentifier>
      <Extensions>rc;ico;cur;bmp;dlg;rc2;rct;bin;rgs;gif;jpg;jpeg;jpe;resx;tiff;tif;png;wav;mfcribbon-ms</Extensions>
    </Filter>
  </ItemGroup>
  <ItemGroup>
    <ClCompile Include="src\main.cpp">
      <Filter>Source Files</Filter>
    </ClCompile>
    <ClCompile Include="ext\imgui\imgui.cpp">
      <Filter>Source Files</Filter>
    </ClCompile>
    <ClCompile Include="ext\imgui\imgui_demo.cpp">
      <Filter>Source Files</Filter>
    </ClCompile>
    <ClCompile Include="ext\imgui\imgui_draw.cpp">
      <Filter>Source Files</Filter>
    </ClCompile>
    <ClCompile Include="ext\imgui\imgui_impl_dx11.cpp">
      <Filter>Source Files</Filter>
    </ClCompile>
    <ClCompile Include="ext\imgui\imgui_impl_win32.cpp">
      <Filter>Source Files</Filter>
    </ClCompile>
    <ClCompile Include="ext\imgui\imgui_tables.cpp">
      <Filter>Source Files</Filter>
    </ClCompile>
    <ClCompile Include="ext\imgui\imgui_widgets.cpp">
      <Filter>Source Files</Filter>
    </ClCompile>
    <ClCompile Include="ext\fmt\format.cc">
      <Filter>Source Files</Filter>
    </ClCompile>
    <ClCompile Include="util\Logger.cpp">
      <Filter>Source Files</Filter>
    </ClCompile>
    <ClCompile Include="util\camera\Camera.cpp">
      <Filter>Source Files</Filter>
    </ClCompile>
    <ClCompile Include="util\camera\Homography.cpp">
      <Filter>Source Files</Filter>
    </ClCompile>
    <ClCompile Include="util\capture\WindowCapture.cpp">
      <Filter>Source Files</Filter>
    </ClCompile>
    <ClCompile Include="util\renderer\VirtualWindowRenderer.cpp">
      <Filter>Source Files</Filter>
    </ClCompile>
    <ClCompile Include="ext\libremidi\libremidi.cpp">
      <Filter>Source Files</Filter>
    </ClCompile>
    <ClCompile Include="ext\libremidi\reader.cpp">
      <Filter>Source Files</Filter>
    </ClCompile>
    <ClCompile Include="ext\libremidi\writer.cpp">
      <Filter>Source Files</Filter>
    </ClCompile>
    <ClCompile Include="src\MidiVisualizer\helpers\Configuration.cpp">
      <Filter>Source Files</Filter>
    </ClCompile>
    <ClCompile Include="src\MidiVisualizer\helpers\ImGuiStyle.cpp">
      <Filter>Source Files</Filter>
    </ClCompile>
    <ClCompile Include="src\MidiVisualizer\helpers\ProgramUtilities.cpp">
      <Filter>Source Files</Filter>
    </ClCompile>
    <ClCompile Include="src\MidiVisualizer\helpers\ResourcesManager.cpp">
      <Filter>Source Files</Filter>
    </ClCompile>
    <ClCompile Include="src\MidiVisualizer\helpers\System.cpp">
      <Filter>Source Files</Filter>
    </ClCompile>
    <ClCompile Include="src\MidiVisualizer\midi\MIDIBase.cpp">
      <Filter>Source Files</Filter>
    </ClCompile>
    <ClCompile Include="src\MidiVisualizer\midi\MIDIFile.cpp">
      <Filter>Source Files</Filter>
    </ClCompile>
    <ClCompile Include="src\MidiVisualizer\midi\MIDITrack.cpp">
      <Filter>Source Files</Filter>
    </ClCompile>
    <ClCompile Include="src\MidiVisualizer\midi\MIDIUtils.cpp">
      <Filter>Source Files</Filter>
    </ClCompile>
    <ClCompile Include="src\MidiVisualizer\rendering\camera\MidiCamera.cpp">
      <Filter>Source Files</Filter>
    </ClCompile>
    <ClCompile Include="src\MidiVisualizer\rendering\scene\MIDIScene.cpp">
      <Filter>Source Files</Filter>
    </ClCompile>
    <ClCompile Include="src\MidiVisualizer\rendering\scene\MIDISceneFile.cpp">
      <Filter>Source Files</Filter>
    </ClCompile>
    <ClCompile Include="src\MidiVisualizer\rendering\scene\MIDISceneLive.cpp">
      <Filter>Source Files</Filter>
    </ClCompile>
    <ClCompile Include="src\MidiVisualizer\rendering\Framebuffer.cpp">
      <Filter>Source Files</Filter>
    </ClCompile>
    <ClCompile Include="src\MidiVisualizer\rendering\Renderer.cpp">
      <Filter>Source Files</Filter>
    </ClCompile>
    <ClCompile Include="src\MidiVisualizer\rendering\ScreenQuad.cpp">
      <Filter>Source Files</Filter>
    </ClCompile>
    <ClCompile Include="src\MidiVisualizer\rendering\SetOptions.cpp">
      <Filter>Source Files</Filter>
    </ClCompile>
    <ClCompile Include="src\MidiVisualizer\rendering\State.cpp">
      <Filter>Source Files</Filter>
    </ClCompile>
    <ClCompile Include="src\MidiVisualizer\rendering\Viewer.cpp">
      <Filter>Source Files</Filter>
    </ClCompile>
    <ClCompile Include="src\MidiVisualizer\resources\flash_image.cpp">
      <Filter>Source Files</Filter>
    </ClCompile>
    <ClCompile Include="src\MidiVisualizer\resources\font_image.cpp">
      <Filter>Source Files</Filter>
    </ClCompile>
    <ClCompile Include="src\MidiVisualizer\resources\meshes.cpp">
      <Filter>Source Files</Filter>
    </ClCompile>
    <ClCompile Include="src\MidiVisualizer\resources\noise_image.cpp">
      <Filter>Source Files</Filter>
    </ClCompile>
    <ClCompile Include="src\MidiVisualizer\resources\particles_image.cpp">
      <Filter>Source Files</Filter>
    </ClCompile>
    <ClCompile Include="src\MidiVisualizer\resources\pedal_center_image.cpp">
      <Filter>Source Files</Filter>
    </ClCompile>
    <ClCompile Include="src\MidiVisualizer\resources\pedal_side_image.cpp">
      <Filter>Source Files</Filter>
    </ClCompile>
    <ClCompile Include="src\MidiVisualizer\resources\pedal_top_image.cpp">
      <Filter>Source Files</Filter>
    </ClCompile>
    <ClCompile Include="src\MidiVisualizer\resources\shaders.cpp">
      <Filter>Source Files</Filter>
    </ClCompile>
    <ClCompile Include="..\vst3sdk\public.sdk\source\vst\hosting\module.cpp">
      <Filter>Source Files</Filter>
    </ClCompile>
    <ClCompile Include="..\vst3sdk\public.sdk\source\vst\hosting\module_win32.cpp">
      <Filter>Source Files</Filter>
    </ClCompile>
    <ClCompile Include="..\vst3sdk\public.sdk\source\vst\hosting\plugprovider.cpp">
      <Filter>Source Files</Filter>
    </ClCompile>
    <ClCompile Include="src\Audio\AudioEngine.cpp">
      <Filter>Source Files</Filter>
    </ClCompile>
    <ClCompile Include="src\Audio\VSTEventList.cpp">
      <Filter>Source Files</Filter>
    </ClCompile>
    <ClCompile Include="src\Audio\AudioOutput.cpp">
      <Filter>Source Files</Filter>
    </ClCompile>
    <ClCompile Include="src\Audio\VSTAudio.cpp">
      <Filter>Source Files</Filter>
    </ClCompile>
    <ClCompile Include="src\Audio\VSTPlugin.cpp">
      <Filter>Source Files</Filter>
    </ClCompile>
  </ItemGroup>
  <ItemGroup>
    <ClInclude Include="ext\imgui\imconfig.h">
      <Filter>Header Files</Filter>
    </ClInclude>
    <ClInclude Include="ext\imgui\imgui.h">
      <Filter>Header Files</Filter>
    </ClInclude>
    <ClInclude Include="ext\imgui\imgui_impl_dx11.h">
      <Filter>Header Files</Filter>
    </ClInclude>
    <ClInclude Include="ext\imgui\imgui_impl_win32.h">
      <Filter>Header Files</Filter>
    </ClInclude>
    <ClInclude Include="ext\imgui\imgui_internal.h">
      <Filter>Header Files</Filter>
    </ClInclude>
    <ClInclude Include="ext\imgui\imstb_rectpack.h">
      <Filter>Header Files</Filter>
    </ClInclude>
    <ClInclude Include="ext\imgui\imstb_textedit.h">
      <Filter>Header Files</Filter>
    </ClInclude>
    <ClInclude Include="ext\imgui\imstb_truetype.h">
      <Filter>Header Files</Filter>
    </ClInclude>
    <ClInclude Include="ext\fmt\core.h">
      <Filter>Header Files</Filter>
    </ClInclude>
    <ClInclude Include="ext\fmt\format.h">
      <Filter>Header Files</Filter>
    </ClInclude>
    <ClInclude Include="ext\fmt\format-inl.h">
      <Filter>Header Files</Filter>
    </ClInclude>
    <ClInclude Include="ext\nlohmann\json.hpp">
      <Filter>Header Files</Filter>
    </ClInclude>
    <ClInclude Include="util\Logger.h">
      <Filter>Header Files</Filter>
    </ClInclude>
    <ClInclude Include="ext\stb_image.h">
      <Filter>Header Files</Filter>
    </ClInclude>
    <ClInclude Include="util\camera\Camera.h">
      <Filter>Header Files</Filter>
    </ClInclude>
    <ClInclude Include="util\camera\Homography.h">
      <Filter>Header Files</Filter>
    </ClInclude>
    <ClInclude Include="util\capture\WindowCapture.h">
      <Filter>Header Files</Filter>
    </ClInclude>
    <ClInclude Include="util\renderer\VirtualWindowRenderer.h">
      <Filter>Header Files</Filter>
    </ClInclude>
    <ClInclude Include="src\helpers.h">
      <Filter>Header Files</Filter>
    </ClInclude>
    <ClInclude Include="src\gui.h">
      <Filter>Header Files</Filter>
    </ClInclude>
    <ClInclude Include="src\config.h">
      <Filter>Header Files</Filter>
    </ClInclude>
    <ClInclude Include="ext\libremidi\detail\conversion.hpp">
      <Filter>Header Files</Filter>
    </ClInclude>
    <ClInclude Include="ext\libremidi\detail\memory.hpp">
      <Filter>Header Files</Filter>
    </ClInclude>
    <ClInclude Include="ext\libremidi\detail\midi_api.hpp">
      <Filter>Header Files</Filter>
    </ClInclude>
    <ClInclude Include="ext\libremidi\detail\midi_in.hpp">
      <Filter>Header Files</Filter>
    </ClInclude>
    <ClInclude Include="ext\libremidi\detail\midi_out.hpp">
      <Filter>Header Files</Filter>
    </ClInclude>
    <ClInclude Include="ext\libremidi\detail\midi_stream_decoder.hpp">
      <Filter>Header Files</Filter>
    </ClInclude>
    <ClInclude Include="ext\libremidi\detail\observer.hpp">
      <Filter>Header Files</Filter>
    </ClInclude>
    <ClInclude Include="ext\libremidi\detail\polyfill.hpp">
      <Filter>Header Files</Filter>
    </ClInclude>
    <ClInclude Include="ext\libremidi\detail\semaphore.hpp">
      <Filter>Header Files</Filter>
    </ClInclude>
    <ClInclude Include="ext\libremidi\detail\ump_stream.hpp">
      <Filter>Header Files</Filter>
    </ClInclude>
    <ClInclude Include="ext\libremidi\protocols\mmc.hpp">
      <Filter>Header Files</Filter>
    </ClInclude>
    <ClInclude Include="ext\libremidi\protocols\msc.hpp">
      <Filter>Header Files</Filter>
    </ClInclude>
    <ClInclude Include="ext\libremidi\protocols\mvc.hpp">
      <Filter>Header Files</Filter>
    </ClInclude>
    <ClInclude Include="ext\libremidi\protocols\remote_control.hpp">
      <Filter>Header Files</Filter>
    </ClInclude>
    <ClInclude Include="ext\libremidi\api-c.h">
      <Filter>Header Files</Filter>
    </ClInclude>
    <ClInclude Include="ext\libremidi\backends.hpp">
      <Filter>Header Files</Filter>
    </ClInclude>
    <ClInclude Include="ext\libremidi\client.hpp">
      <Filter>Header Files</Filter>
    </ClInclude>
    <ClInclude Include="ext\libremidi\cmidi2.hpp">
      <Filter>Header Files</Filter>
    </ClInclude>
    <ClInclude Include="ext\libremidi\config.hpp">
      <Filter>Header Files</Filter>
    </ClInclude>
    <ClInclude Include="ext\libremidi\configurations.hpp">
      <Filter>Header Files</Filter>
    </ClInclude>
    <ClInclude Include="ext\libremidi\defaults.hpp">
      <Filter>Header Files</Filter>
    </ClInclude>
    <ClInclude Include="ext\libremidi\error.hpp">
      <Filter>Header Files</Filter>
    </ClInclude>
    <ClInclude Include="ext\libremidi\error_handler.hpp">
      <Filter>Header Files</Filter>
    </ClInclude>
    <ClInclude Include="ext\libremidi\input_configuration.hpp">
      <Filter>Header Files</Filter>
    </ClInclude>
    <ClInclude Include="ext\libremidi\libremidi.hpp">
      <Filter>Header Files</Filter>
    </ClInclude>
    <ClInclude Include="ext\libremidi\libremidi-c.h">
      <Filter>Header Files</Filter>
    </ClInclude>
    <ClInclude Include="ext\libremidi\message.hpp">
      <Filter>Header Files</Filter>
    </ClInclude>
    <ClInclude Include="ext\libremidi\observer_configuration.hpp">
      <Filter>Header Files</Filter>
    </ClInclude>
    <ClInclude Include="ext\libremidi\output_configuration.hpp">
      <Filter>Header Files</Filter>
    </ClInclude>
    <ClInclude Include="ext\libremidi\port_comparison.hpp">
      <Filter>Header Files</Filter>
    </ClInclude>
    <ClInclude Include="ext\libremidi\port_information.hpp">
      <Filter>Header Files</Filter>
    </ClInclude>
    <ClInclude Include="ext\libremidi\reader.hpp">
      <Filter>Header Files</Filter>
    </ClInclude>
    <ClInclude Include="ext\libremidi\shared_context.hpp">
      <Filter>Header Files</Filter>
    </ClInclude>
    <ClInclude Include="ext\libremidi\system_error2.hpp">
      <Filter>Header Files</Filter>
    </ClInclude>
    <ClInclude Include="ext\libremidi\types.hpp">
      <Filter>Header Files</Filter>
    </ClInclude>
    <ClInclude Include="ext\libremidi\ump.hpp">
      <Filter>Header Files</Filter>
    </ClInclude>
    <ClInclude Include="ext\libremidi\ump_events.hpp">
      <Filter>Header Files</Filter>
    </ClInclude>
    <ClInclude Include="ext\libremidi\writer.hpp">
      <Filter>Header Files</Filter>
    </ClInclude>
    <ClInclude Include="src\MidiVisualizer\helpers\Configuration.h">
      <Filter>Header Files</Filter>
    </ClInclude>
    <ClInclude Include="src\MidiVisualizer\helpers\ImGuiStyle.h">
      <Filter>Header Files</Filter>
    </ClInclude>
    <ClInclude Include="src\MidiVisualizer\helpers\ProgramUtilities.h">
      <Filter>Header Files</Filter>
    </ClInclude>
    <ClInclude Include="src\MidiVisualizer\helpers\ResourcesManager.h">
      <Filter>Header Files</Filter>
    </ClInclude>
    <ClInclude Include="src\MidiVisualizer\helpers\System.h">
      <Filter>Header Files</Filter>
    </ClInclude>
    <ClInclude Include="ext\glm\gtc\bitfield.hpp">
      <Filter>Header Files</Filter>
    </ClInclude>
    <ClInclude Include="ext\glm\gtc\color_space.hpp">
      <Filter>Header Files</Filter>
    </ClInclude>
    <ClInclude Include="ext\glm\gtc\constants.hpp">
      <Filter>Header Files</Filter>
    </ClInclude>
    <ClInclude Include="ext\glm\gtc\epsilon.hpp">
      <Filter>Header Files</Filter>
    </ClInclude>
    <ClInclude Include="ext\glm\gtc\integer.hpp">
      <Filter>Header Files</Filter>
    </ClInclude>
    <ClInclude Include="ext\glm\gtc\matrix_access.hpp">
      <Filter>Header Files</Filter>
    </ClInclude>
    <ClInclude Include="ext\glm\gtc\matrix_integer.hpp">
      <Filter>Header Files</Filter>
    </ClInclude>
    <ClInclude Include="ext\glm\gtc\matrix_inverse.hpp">
      <Filter>Header Files</Filter>
    </ClInclude>
    <ClInclude Include="ext\glm\gtc\matrix_transform.hpp">
      <Filter>Header Files</Filter>
    </ClInclude>
    <ClInclude Include="ext\glm\gtc\noise.hpp">
      <Filter>Header Files</Filter>
    </ClInclude>
    <ClInclude Include="ext\glm\gtc\packing.hpp">
      <Filter>Header Files</Filter>
    </ClInclude>
    <ClInclude Include="ext\glm\gtc\quaternion.hpp">
      <Filter>Header Files</Filter>
    </ClInclude>
    <ClInclude Include="ext\glm\gtc\random.hpp">
      <Filter>Header Files</Filter>
    </ClInclude>
    <ClInclude Include="ext\glm\gtc\reciprocal.hpp">
      <Filter>Header Files</Filter>
    </ClInclude>
    <ClInclude Include="ext\glm\gtc\round.hpp">
      <Filter>Header Files</Filter>
    </ClInclude>
    <ClInclude Include="ext\glm\gtc\type_precision.hpp">
      <Filter>Header Files</Filter>
    </ClInclude>
    <ClInclude Include="ext\glm\gtc\type_ptr.hpp">
      <Filter>Header Files</Filter>
    </ClInclude>
    <ClInclude Include="ext\glm\gtc\ulp.hpp">
      <Filter>Header Files</Filter>
    </ClInclude>
    <ClInclude Include="ext\glm\gtc\vec1.hpp">
      <Filter>Header Files</Filter>
    </ClInclude>
    <ClInclude Include="ext\glm\common.hpp">
      <Filter>Header Files</Filter>
    </ClInclude>
    <ClInclude Include="ext\glm\exponential.hpp">
      <Filter>Header Files</Filter>
    </ClInclude>
    <ClInclude Include="ext\glm\fwd.hpp">
      <Filter>Header Files</Filter>
    </ClInclude>
    <ClInclude Include="ext\glm\geometric.hpp">
      <Filter>Header Files</Filter>
    </ClInclude>
    <ClInclude Include="ext\glm\glm.hpp">
      <Filter>Header Files</Filter>
    </ClInclude>
    <ClInclude Include="ext\glm\integer.hpp">
      <Filter>Header Files</Filter>
    </ClInclude>
    <ClInclude Include="ext\glm\mat2x2.hpp">
      <Filter>Header Files</Filter>
    </ClInclude>
    <ClInclude Include="ext\glm\mat2x3.hpp">
      <Filter>Header Files</Filter>
    </ClInclude>
    <ClInclude Include="ext\glm\mat2x4.hpp">
      <Filter>Header Files</Filter>
    </ClInclude>
    <ClInclude Include="ext\glm\mat3x2.hpp">
      <Filter>Header Files</Filter>
    </ClInclude>
    <ClInclude Include="ext\glm\mat3x3.hpp">
      <Filter>Header Files</Filter>
    </ClInclude>
    <ClInclude Include="ext\glm\mat3x4.hpp">
      <Filter>Header Files</Filter>
    </ClInclude>
    <ClInclude Include="ext\glm\mat4x2.hpp">
      <Filter>Header Files</Filter>
    </ClInclude>
    <ClInclude Include="ext\glm\mat4x3.hpp">
      <Filter>Header Files</Filter>
    </ClInclude>
    <ClInclude Include="ext\glm\mat4x4.hpp">
      <Filter>Header Files</Filter>
    </ClInclude>
    <ClInclude Include="ext\glm\matrix.hpp">
      <Filter>Header Files</Filter>
    </ClInclude>
    <ClInclude Include="ext\glm\packing.hpp">
      <Filter>Header Files</Filter>
    </ClInclude>
    <ClInclude Include="ext\glm\trigonometric.hpp">
      <Filter>Header Files</Filter>
    </ClInclude>
    <ClInclude Include="ext\glm\vec2.hpp">
      <Filter>Header Files</Filter>
    </ClInclude>
    <ClInclude Include="ext\glm\vec3.hpp">
      <Filter>Header Files</Filter>
    </ClInclude>
    <ClInclude Include="ext\glm\vec4.hpp">
      <Filter>Header Files</Filter>
    </ClInclude>
    <ClInclude Include="ext\glm\vector_relational.hpp">
      <Filter>Header Files</Filter>
    </ClInclude>
    <ClInclude Include="src\MidiVisualizer\midi\MIDIBase.h">
      <Filter>Header Files</Filter>
    </ClInclude>
    <ClInclude Include="src\MidiVisualizer\midi\MIDIFile.h">
      <Filter>Header Files</Filter>
    </ClInclude>
    <ClInclude Include="src\MidiVisualizer\midi\MIDITrack.h">
      <Filter>Header Files</Filter>
    </ClInclude>
    <ClInclude Include="src\MidiVisualizer\midi\MIDIUtils.h">
      <Filter>Header Files</Filter>
    </ClInclude>
    <ClInclude Include="src\MidiVisualizer\rendering\camera\MidiCamera.h">
      <Filter>Header Files</Filter>
    </ClInclude>
    <ClInclude Include="src\MidiVisualizer\rendering\scene\MIDIScene.h">
      <Filter>Header Files</Filter>
    </ClInclude>
    <ClInclude Include="src\MidiVisualizer\rendering\scene\MIDISceneFile.h">
      <Filter>Header Files</Filter>
    </ClInclude>
    <ClInclude Include="src\MidiVisualizer\rendering\scene\MIDISceneLive.h">
      <Filter>Header Files</Filter>
    </ClInclude>
    <ClInclude Include="src\MidiVisualizer\rendering\Framebuffer.h">
      <Filter>Header Files</Filter>
    </ClInclude>
    <ClInclude Include="src\MidiVisualizer\rendering\Renderer.h">
      <Filter>Header Files</Filter>
    </ClInclude>
    <ClInclude Include="src\MidiVisualizer\rendering\ScreenQuad.h">
      <Filter>Header Files</Filter>
    </ClInclude>
    <ClInclude Include="src\MidiVisualizer\rendering\SetOptions.h">
      <Filter>Header Files</Filter>
    </ClInclude>
    <ClInclude Include="src\MidiVisualizer\rendering\State.h">
      <Filter>Header Files</Filter>
    </ClInclude>
    <ClInclude Include="src\MidiVisualizer\rendering\Viewer.h">
      <Filter>Header Files</Filter>
    </ClInclude>
    <ClInclude Include="src\MidiVisualizer\resources\data.h">
      <Filter>Header Files</Filter>
    </ClInclude>
    <ClInclude Include="src\MidiVisualizer\resources\font_data_Lato.h">
      <Filter>Header Files</Filter>
    </ClInclude>
    <ClInclude Include="src\MidiVisualizer\resources\meshes.h">
      <Filter>Header Files</Filter>
    </ClInclude>
    <ClInclude Include="src\MidiVisualizer\resources\strings.h">
      <Filter>Header Files</Filter>
    </ClInclude>
    <ClInclude Include="ext\libremidi\backends\winmidi\config.hpp">
      <Filter>Header Files</Filter>
    </ClInclude>
    <ClInclude Include="ext\libremidi\backends\winmidi\helpers.hpp">
      <Filter>Header Files</Filter>
    </ClInclude>
    <ClInclude Include="ext\libremidi\backends\winmidi\midi_in.hpp">
      <Filter>Header Files</Filter>
    </ClInclude>
    <ClInclude Include="ext\libremidi\backends\winmidi\midi_out.hpp">
      <Filter>Header Files</Filter>
    </ClInclude>
    <ClInclude Include="ext\libremidi\backends\winmidi\observer.hpp">
      <Filter>Header Files</Filter>
    </ClInclude>
    <ClInclude Include="ext\libremidi\backends\winmm\config.hpp">
      <Filter>Header Files</Filter>
    </ClInclude>
    <ClInclude Include="ext\libremidi\backends\winmm\error_domain.hpp">
      <Filter>Header Files</Filter>
    </ClInclude>
    <ClInclude Include="ext\libremidi\backends\winmm\helpers.hpp">
      <Filter>Header Files</Filter>
    </ClInclude>
    <ClInclude Include="ext\libremidi\backends\winmm\midi_in.hpp">
      <Filter>Header Files</Filter>
    </ClInclude>
    <ClInclude Include="ext\libremidi\backends\winmm\midi_out.hpp">
      <Filter>Header Files</Filter>
    </ClInclude>
    <ClInclude Include="ext\libremidi\backends\winmm\observer.hpp">
      <Filter>Header Files</Filter>
    </ClInclude>
    <ClInclude Include="ext\libremidi\backends\winuwp\config.hpp">
      <Filter>Header Files</Filter>
    </ClInclude>
    <ClInclude Include="ext\libremidi\backends\winuwp\helpers.hpp">
      <Filter>Header Files</Filter>
    </ClInclude>
    <ClInclude Include="ext\libremidi\backends\winuwp\midi_in.hpp">
      <Filter>Header Files</Filter>
    </ClInclude>
    <ClInclude Include="ext\libremidi\backends\winuwp\midi_out.hpp">
      <Filter>Header Files</Filter>
    </ClInclude>
    <ClInclude Include="ext\libremidi\backends\winuwp\observer.hpp">
      <Filter>Header Files</Filter>
    </ClInclude>
    <ClInclude Include="ext\libremidi\backends\winmidi.hpp">
      <Filter>Header Files</Filter>
    </ClInclude>
    <ClInclude Include="ext\libremidi\backends\winmm.hpp">
      <Filter>Header Files</Filter>
    </ClInclude>
    <ClInclude Include="ext\libremidi\backends\winuwp.hpp">
      <Filter>Header Files</Filter>
    </ClInclude>
    <ClInclude Include="ext\libremidi\backends\alsa_raw\config.hpp">
      <Filter>Header Files</Filter>
    </ClInclude>
    <ClInclude Include="ext\libremidi\backends\alsa_raw\error_domain.hpp">
      <Filter>Header Files</Filter>
    </ClInclude>
    <ClInclude Include="ext\libremidi\backends\alsa_raw\helpers.hpp">
      <Filter>Header Files</Filter>
    </ClInclude>
    <ClInclude Include="ext\libremidi\backends\alsa_raw\midi_in.hpp">
      <Filter>Header Files</Filter>
    </ClInclude>
    <ClInclude Include="ext\libremidi\backends\alsa_raw\midi_out.hpp">
      <Filter>Header Files</Filter>
    </ClInclude>
    <ClInclude Include="ext\libremidi\backends\alsa_raw\observer.hpp">
      <Filter>Header Files</Filter>
    </ClInclude>
    <ClInclude Include="ext\libremidi\backends\alsa_raw_ump\config.hpp">
      <Filter>Header Files</Filter>
    </ClInclude>
    <ClInclude Include="ext\libremidi\backends\alsa_raw_ump\helpers.hpp">
      <Filter>Header Files</Filter>
    </ClInclude>
    <ClInclude Include="ext\libremidi\backends\alsa_raw_ump\midi_in.hpp">
      <Filter>Header Files</Filter>
    </ClInclude>
    <ClInclude Include="ext\libremidi\backends\alsa_raw_ump\midi_out.hpp">
      <Filter>Header Files</Filter>
    </ClInclude>
    <ClInclude Include="ext\libremidi\backends\alsa_raw_ump\observer.hpp">
      <Filter>Header Files</Filter>
    </ClInclude>
    <ClInclude Include="ext\libremidi\backends\alsa_seq\config.hpp">
      <Filter>Header Files</Filter>
    </ClInclude>
    <ClInclude Include="ext\libremidi\backends\alsa_seq\helpers.hpp">
      <Filter>Header Files</Filter>
    </ClInclude>
    <ClInclude Include="ext\libremidi\backends\alsa_seq\midi_in.hpp">
      <Filter>Header Files</Filter>
    </ClInclude>
    <ClInclude Include="ext\libremidi\backends\alsa_seq\midi_out.hpp">
      <Filter>Header Files</Filter>
    </ClInclude>
    <ClInclude Include="ext\libremidi\backends\alsa_seq\observer.hpp">
      <Filter>Header Files</Filter>
    </ClInclude>
    <ClInclude Include="ext\libremidi\backends\alsa_seq\shared_handler.hpp">
      <Filter>Header Files</Filter>
    </ClInclude>
    <ClInclude Include="ext\libremidi\backends\alsa_seq_ump\config.hpp">
      <Filter>Header Files</Filter>
    </ClInclude>
    <ClInclude Include="ext\libremidi\backends\alsa_seq_ump\helpers.hpp">
      <Filter>Header Files</Filter>
    </ClInclude>
    <ClInclude Include="ext\libremidi\backends\alsa_seq_ump\midi_out.hpp">
      <Filter>Header Files</Filter>
    </ClInclude>
    <ClInclude Include="ext\libremidi\backends\coremidi\config.hpp">
      <Filter>Header Files</Filter>
    </ClInclude>
    <ClInclude Include="ext\libremidi\backends\coremidi\error_domain.hpp">
      <Filter>Header Files</Filter>
    </ClInclude>
    <ClInclude Include="ext\libremidi\backends\coremidi\helpers.hpp">
      <Filter>Header Files</Filter>
    </ClInclude>
    <ClInclude Include="ext\libremidi\backends\coremidi\midi_in.hpp">
      <Filter>Header Files</Filter>
    </ClInclude>
    <ClInclude Include="ext\libremidi\backends\coremidi\midi_out.hpp">
      <Filter>Header Files</Filter>
    </ClInclude>
    <ClInclude Include="ext\libremidi\backends\coremidi\observer.hpp">
      <Filter>Header Files</Filter>
    </ClInclude>
    <ClInclude Include="ext\libremidi\backends\coremidi_ump\config.hpp">
      <Filter>Header Files</Filter>
    </ClInclude>
    <ClInclude Include="ext\libremidi\backends\coremidi_ump\helpers.hpp">
      <Filter>Header Files</Filter>
    </ClInclude>
    <ClInclude Include="ext\libremidi\backends\coremidi_ump\midi_in.hpp">
      <Filter>Header Files</Filter>
    </ClInclude>
    <ClInclude Include="ext\libremidi\backends\coremidi_ump\midi_out.hpp">
      <Filter>Header Files</Filter>
    </ClInclude>
    <ClInclude Include="ext\libremidi\backends\coremidi_ump\observer.hpp">
      <Filter>Header Files</Filter>
    </ClInclude>
    <ClInclude Include="ext\libremidi\backends\jack\config.hpp">
      <Filter>Header Files</Filter>
    </ClInclude>
    <ClInclude Include="ext\libremidi\backends\jack\error_domain.hpp">
      <Filter>Header Files</Filter>
    </ClInclude>
    <ClInclude Include="ext\libremidi\backends\jack\helpers.hpp">
      <Filter>Header Files</Filter>
    </ClInclude>
    <ClInclude Include="ext\libremidi\backends\jack\libjack.hpp">
      <Filter>Header Files</Filter>
    </ClInclude>
    <ClInclude Include="ext\libremidi\backends\jack\midi_in.hpp">
      <Filter>Header Files</Filter>
    </ClInclude>
    <ClInclude Include="ext\libremidi\backends\jack\midi_out.hpp">
      <Filter>Header Files</Filter>
    </ClInclude>
    <ClInclude Include="ext\libremidi\backends\jack\observer.hpp">
      <Filter>Header Files</Filter>
    </ClInclude>
    <ClInclude Include="ext\libremidi\backends\jack\shared_handler.hpp">
      <Filter>Header Files</Filter>
    </ClInclude>
    <ClInclude Include="ext\libremidi\backends\jack_ump\config.hpp">
      <Filter>Header Files</Filter>
    </ClInclude>
    <ClInclude Include="ext\libremidi\backends\jack_ump\midi_in.hpp">
      <Filter>Header Files</Filter>
    </ClInclude>
    <ClInclude Include="ext\libremidi\backends\jack_ump\midi_out.hpp">
      <Filter>Header Files</Filter>
    </ClInclude>
    <ClInclude Include="ext\libremidi\backends\jack_ump\observer.hpp">
      <Filter>Header Files</Filter>
    </ClInclude>
    <ClInclude Include="ext\libremidi\backends\jack_ump\shared_handler.hpp">
      <Filter>Header Files</Filter>
    </ClInclude>
    <ClInclude Include="ext\libremidi\backends\kdmapi\config.hpp">
      <Filter>Header Files</Filter>
    </ClInclude>
    <ClInclude Include="ext\libremidi\backends\kdmapi\helpers.hpp">
      <Filter>Header Files</Filter>
    </ClInclude>
    <ClInclude Include="ext\libremidi\backends\kdmapi\midi_in.hpp">
      <Filter>Header Files</Filter>
    </ClInclude>
    <ClInclude Include="ext\libremidi\backends\kdmapi\midi_out.hpp">
      <Filter>Header Files</Filter>
    </ClInclude>
    <ClInclude Include="ext\libremidi\backends\kdmapi\observer.hpp">
      <Filter>Header Files</Filter>
    </ClInclude>
    <ClInclude Include="ext\libremidi\backends\keyboard\config.hpp">
      <Filter>Header Files</Filter>
    </ClInclude>
    <ClInclude Include="ext\libremidi\backends\keyboard\midi_in.hpp">
      <Filter>Header Files</Filter>
    </ClInclude>
    <ClInclude Include="ext\libremidi\backends\net\config.hpp">
      <Filter>Header Files</Filter>
    </ClInclude>
    <ClInclude Include="ext\libremidi\backends\net\helpers.hpp">
      <Filter>Header Files</Filter>
    </ClInclude>
    <ClInclude Include="ext\libremidi\backends\net\midi_in.hpp">
      <Filter>Header Files</Filter>
    </ClInclude>
    <ClInclude Include="ext\libremidi\backends\net\midi_out.hpp">
      <Filter>Header Files</Filter>
    </ClInclude>
    <ClInclude Include="ext\libremidi\backends\net\observer.hpp">
      <Filter>Header Files</Filter>
    </ClInclude>
    <ClInclude Include="ext\libremidi\backends\pipewire\config.hpp">
      <Filter>Header Files</Filter>
    </ClInclude>
    <ClInclude Include="ext\libremidi\backends\pipewire\helpers.hpp">
      <Filter>Header Files</Filter>
    </ClInclude>
    <ClInclude Include="ext\libremidi\backends\pipewire\midi_in.hpp">
      <Filter>Header Files</Filter>
    </ClInclude>
    <ClInclude Include="ext\libremidi\backends\pipewire\midi_out.hpp">
      <Filter>Header Files</Filter>
    </ClInclude>
    <ClInclude Include="ext\libremidi\backends\pipewire\observer.hpp">
      <Filter>Header Files</Filter>
    </ClInclude>
    <ClInclude Include="ext\libremidi\backends\pipewire_ump\config.hpp">
      <Filter>Header Files</Filter>
    </ClInclude>
    <ClInclude Include="ext\libremidi\backends\pipewire_ump\midi_in.hpp">
      <Filter>Header Files</Filter>
    </ClInclude>
    <ClInclude Include="ext\libremidi\backends\pipewire_ump\midi_out.hpp">
      <Filter>Header Files</Filter>
    </ClInclude>
    <ClInclude Include="ext\libremidi\backends\pipewire_ump\observer.hpp">
      <Filter>Header Files</Filter>
    </ClInclude>
    <ClInclude Include="ext\libremidi\backends\rawio\config.hpp">
      <Filter>Header Files</Filter>
    </ClInclude>
    <ClInclude Include="ext\libremidi\backends\rawio\midi_in.hpp">
      <Filter>Header Files</Filter>
    </ClInclude>
    <ClInclude Include="ext\libremidi\backends\rawio\midi_in_ump.hpp">
      <Filter>Header Files</Filter>
    </ClInclude>
    <ClInclude Include="ext\libremidi\backends\rawio\midi_out.hpp">
      <Filter>Header Files</Filter>
    </ClInclude>
    <ClInclude Include="ext\libremidi\backends\rawio\midi_out_ump.hpp">
      <Filter>Header Files</Filter>
    </ClInclude>
    <ClInclude Include="ext\libremidi\backends\rawio\observer.hpp">
      <Filter>Header Files</Filter>
    </ClInclude>
    <ClInclude Include="ext\libremidi\backends\alsa_raw.hpp">
      <Filter>Header Files</Filter>
    </ClInclude>
    <ClInclude Include="ext\libremidi\backends\alsa_raw_ump.hpp">
      <Filter>Header Files</Filter>
    </ClInclude>
    <ClInclude Include="ext\libremidi\backends\alsa_seq.hpp">
      <Filter>Header Files</Filter>
    </ClInclude>
    <ClInclude Include="ext\libremidi\backends\alsa_seq_ump.hpp">
      <Filter>Header Files</Filter>
    </ClInclude>
    <ClInclude Include="ext\libremidi\backends\coremidi.hpp">
      <Filter>Header Files</Filter>
    </ClInclude>
    <ClInclude Include="ext\libremidi\backends\coremidi_ump.hpp">
      <Filter>Header Files</Filter>
    </ClInclude>
    <ClInclude Include="ext\libremidi\backends\dummy.hpp">
      <Filter>Header Files</Filter>
    </ClInclude>
    <ClInclude Include="ext\libremidi\backends\emscripten.hpp">
      <Filter>Header Files</Filter>
    </ClInclude>
    <ClInclude Include="ext\libremidi\backends\jack.hpp">
      <Filter>Header Files</Filter>
    </ClInclude>
    <ClInclude Include="ext\libremidi\backends\jack_ump.hpp">
      <Filter>Header Files</Filter>
    </ClInclude>
    <ClInclude Include="ext\libremidi\backends\kdmapi.hpp">
      <Filter>Header Files</Filter>
    </ClInclude>
    <ClInclude Include="ext\libremidi\backends\keyboard.hpp">
      <Filter>Header Files</Filter>
    </ClInclude>
    <ClInclude Include="ext\libremidi\backends\network.hpp">
      <Filter>Header Files</Filter>
    </ClInclude>
    <ClInclude Include="ext\libremidi\backends\network_ump.hpp">
      <Filter>Header Files</Filter>
    </ClInclude>
    <ClInclude Include="ext\libremidi\backends\pipewire.hpp">
      <Filter>Header Files</Filter>
    </ClInclude>
    <ClInclude Include="ext\libremidi\backends\pipewire_ump.hpp">
      <Filter>Header Files</Filter>
    </ClInclude>
    <ClInclude Include="ext\libremidi\backends\rawio.hpp">
      <Filter>Header Files</Filter>
    </ClInclude>
    <ClInclude Include="ext\libremidi\backends\rawio_ump.hpp">
      <Filter>Header Files</Filter>
    </ClInclude>
    <ClInclude Include="ext\libremidi\backends\emscripten\config.hpp">
      <Filter>Header Files</Filter>
    </ClInclude>
    <ClInclude Include="ext\libremidi\backends\emscripten\helpers.hpp">
      <Filter>Header Files</Filter>
    </ClInclude>
    <ClInclude Include="ext\libremidi\backends\emscripten\midi_access.hpp">
      <Filter>Header Files</Filter>
    </ClInclude>
    <ClInclude Include="ext\libremidi\backends\emscripten\midi_in.hpp">
      <Filter>Header Files</Filter>
    </ClInclude>
    <ClInclude Include="ext\libremidi\backends\emscripten\midi_out.hpp">
      <Filter>Header Files</Filter>
    </ClInclude>
    <ClInclude Include="ext\libremidi\backends\emscripten\observer.hpp">
      <Filter>Header Files</Filter>
    </ClInclude>
    <ClInclude Include="ext\libremidi\backends\android\android.hpp">
      <Filter>Header Files</Filter>
    </ClInclude>
    <ClInclude Include="ext\libremidi\backends\android\config.hpp">
      <Filter>Header Files</Filter>
    </ClInclude>
    <ClInclude Include="ext\libremidi\backends\android\helpers.hpp">
      <Filter>Header Files</Filter>
    </ClInclude>
    <ClInclude Include="ext\libremidi\backends\android\midi_in.hpp">
      <Filter>Header Files</Filter>
    </ClInclude>
    <ClInclude Include="ext\libremidi\backends\android\midi_out.hpp">
      <Filter>Header Files</Filter>
    </ClInclude>
    <ClInclude Include="ext\libremidi\backends\android\observer.hpp">
      <Filter>Header Files</Filter>
    </ClInclude>
    <ClInclude Include="ext\libremidi\backends\linux\pipewire\context.hpp">
      <Filter>Header Files</Filter>
    </ClInclude>
    <ClInclude Include="ext\libremidi\backends\linux\pipewire\drm_modifiers.hpp">
      <Filter>Header Files</Filter>
    </ClInclude>
    <ClInclude Include="ext\libremidi\backends\linux\pipewire\filter.hpp">
      <Filter>Header Files</Filter>
    </ClInclude>
    <ClInclude Include="ext\libremidi\backends\linux\pipewire\format.hpp">
      <Filter>Header Files</Filter>
    </ClInclude>
    <ClInclude Include="ext\libremidi\backends\linux\pipewire\instance.hpp">
      <Filter>Header Files</Filter>
    </ClInclude>
    <ClInclude Include="ext\libremidi\backends\linux\pipewire\loader.hpp">
      <Filter>Header Files</Filter>
    </ClInclude>
    <ClInclude Include="ext\libremidi\backends\linux\pipewire\stream.hpp">
      <Filter>Header Files</Filter>
    </ClInclude>
    <ClInclude Include="ext\libremidi\backends\linux\pipewire\subscription.hpp">
      <Filter>Header Files</Filter>
    </ClInclude>
    <ClInclude Include="ext\libremidi\backends\linux\pipewire\types.hpp">
      <Filter>Header Files</Filter>
    </ClInclude>
    <ClInclude Include="ext\libremidi\backends\linux\alsa.hpp">
      <Filter>Header Files</Filter>
    </ClInclude>
    <ClInclude Include="ext\libremidi\backends\linux\dylib_loader.hpp">
      <Filter>Header Files</Filter>
    </ClInclude>
    <ClInclude Include="ext\libremidi\backends\linux\helpers.hpp">
      <Filter>Header Files</Filter>
    </ClInclude>
    <ClInclude Include="ext\libremidi\backends\linux\udev.hpp">
      <Filter>Header Files</Filter>
    </ClInclude>
    <ClInclude Include="ext\libremidi\detail\alsa.hpp">
      <Filter>Header Files</Filter>
    </ClInclude>
    <ClInclude Include="ext\libremidi\detail\coreaudio.hpp">
      <Filter>Header Files</Filter>
    </ClInclude>
    <ClInclude Include="ext\libremidi\detail\dummy.hpp">
      <Filter>Header Files</Filter>
    </ClInclude>
    <ClInclude Include="ext\libremidi\detail\emscripten.hpp">
      <Filter>Header Files</Filter>
    </ClInclude>
    <ClInclude Include="ext\libremidi\detail\emscripten_api.hpp">
      <Filter>Header Files</Filter>
    </ClInclude>
    <ClInclude Include="ext\libremidi\detail\jack.hpp">
      <Filter>Header Files</Filter>
    </ClInclude>
    <ClInclude Include="ext\libremidi\detail\raw_alsa.hpp">
      <Filter>Header Files</Filter>
    </ClInclude>
    <ClInclude Include="ext\libremidi\detail\raw_alsa_helpers.hpp">
      <Filter>Header Files</Filter>
    </ClInclude>
    <ClInclude Include="ext\libremidi\detail\winmm.hpp">
      <Filter>Header Files</Filter>
    </ClInclude>
    <ClInclude Include="ext\libremidi\detail\winuwp.hpp">
      <Filter>Header Files</Filter>
    </ClInclude>
    <ClInclude Include="ext\libremidi\detail\midi_queue.hpp">
      <Filter>Header Files</Filter>
    </ClInclude>
    <ClInclude Include="ext\libremidi\api.hpp">
      <Filter>Header Files</Filter>
    </ClInclude>
    <ClInclude Include="ext\stb_image_resize.h">
      <Filter>Header Files</Filter>
    </ClInclude>
    <ClInclude Include="src\Audio\AudioEngine.h">
      <Filter>Header Files</Filter>
    </ClInclude>
    <ClInclude Include="src\Audio\VSTEventList.h">
      <Filter>Header Files</Filter>
    </ClInclude>
    <ClInclude Include="src\Audio\AudioOutput.h">
      <Filter>Header Files</Filter>
    </ClInclude>
    <ClInclude Include="src\Audio\VSTAudio.h">
      <Filter>Header Files</Filter>
    </ClInclude>
    <ClInclude Include="src\Audio\VSTPlugin.h">
      <Filter>Header Files</Filter>
    </ClInclude>
    <ClInclude Include="src\Audio\VSTParameterChanges.h">
      <Filter>Header Files</Filter>
    </ClInclude>
  </ItemGroup>
  <ItemGroup>
    <None Include="ext\glm\gtc\bitfield.inl">
      <Filter>Header Files</Filter>
    </None>
    <None Include="ext\glm\gtc\color_space.inl">
      <Filter>Header Files</Filter>
    </None>
    <None Include="ext\glm\gtc\constants.inl">
      <Filter>Header Files</Filter>
    </None>
    <None Include="ext\glm\gtc\epsilon.inl">
      <Filter>Header Files</Filter>
    </None>
    <None Include="ext\glm\gtc\integer.inl">
      <Filter>Header Files</Filter>
    </None>
    <None Include="ext\glm\gtc\matrix_access.inl">
      <Filter>Header Files</Filter>
    </None>
    <None Include="ext\glm\gtc\matrix_inverse.inl">
      <Filter>Header Files</Filter>
    </None>
    <None Include="ext\glm\gtc\matrix_transform.inl">
      <Filter>Header Files</Filter>
    </None>
    <None Include="ext\glm\gtc\noise.inl">
      <Filter>Header Files</Filter>
    </None>
    <None Include="ext\glm\gtc\packing.inl">
      <Filter>Header Files</Filter>
    </None>
    <None Include="ext\glm\gtc\quaternion.inl">
      <Filter>Header Files</Filter>
    </None>
    <None Include="ext\glm\gtc\random.inl">
      <Filter>Header Files</Filter>
    </None>
    <None Include="ext\glm\gtc\reciprocal.inl">
      <Filter>Header Files</Filter>
    </None>
    <None Include="ext\glm\gtc\round.inl">
      <Filter>Header Files</Filter>
    </None>
    <None Include="ext\glm\gtc\type_precision.inl">
      <Filter>Header Files</Filter>
    </None>
    <None Include="ext\glm\gtc\type_ptr.inl">
      <Filter>Header Files</Filter>
    </None>
    <None Include="ext\glm\gtc\ulp.inl">
      <Filter>Header Files</Filter>
    </None>
    <None Include="ext\glm\gtc\vec1.inl">
      <Filter>Header Files</Filter>
    </None>
  </ItemGroup>
  <ItemGroup>
    <Library Include="lib\base.lib" />
    <Library Include="lib\pluginterfaces.lib" />
    <Library Include="lib\sdk_common.lib" />
    <Library Include="lib\sdk_hosting.lib" />
  </ItemGroup>
</Project>